
Microsoft Visual Studio Solution File, Format Version 12.00
# Visual Studio Version 16
VisualStudioVersion = 16.0.30503.244
MinimumVisualStudioVersion = 10.0.40219.1
Project("{888888A0-9F3D-457C-B088-3A5042F75D52}") = "SpotDifference", "SpotDifference\SpotDifference.pyproj", "{B73AB3B8-F97F-4AB1-BF7B-E9B90B744299}"
EndProject
Global
	GlobalSection(SolutionConfigurationPlatforms) = preSolution
		Debug|Any CPU = Debug|Any CPU
		Release|Any CPU = Release|Any CPU
	EndGlobalSection
	GlobalSection(ProjectConfigurationPlatforms) = postSolution
		{B73AB3B8-F97F-4AB1-BF7B-E9B90B744299}.Debug|Any CPU.ActiveCfg = Debug|Any CPU
		{B73AB3B8-F97F-4AB1-BF7B-E9B90B744299}.Release|Any CPU.ActiveCfg = Release|Any CPU
	EndGlobalSection
	GlobalSection(SolutionProperties) = preSolution
		HideSolutionNode = FALSE
	EndGlobalSection
	GlobalSection(ExtensibilityGlobals) = postSolution
		SolutionGuid = {023997A5-2B0D-4EA0-96C5-3F3F9374BD48}
	EndGlobalSection
EndGlobal
